
Microsoft Visual Studio Solution File, Format Version 12.00
# Visual Studio Version 17
VisualStudioVersion = 17.5.002.0
MinimumVisualStudioVersion = 10.0.40219.1
Project("{9A19103F-16F7-4668-BE54-9A1E7A4F7556}") = "Sahadan.Entities", "Sahadan.Entities\Sahadan.Entities.csproj", "{C922193C-7F7C-4FA6-85AE-F0965185B92A}"
EndProject
Project("{9A19103F-16F7-4668-BE54-9A1E7A4F7556}") = "Sahadan.DataAccess", "Sahadan.DataAccess\Sahadan.DataAccess.csproj", "{CAC62FD8-4B51-44A4-B8FB-823423D137EB}"
EndProject
Project("{FAE04EC0-301F-11D3-BF4B-00C04F79EFBC}") = "Sahadan.Application", "Sahadan.Application\Sahadan.Application.csproj", "{F334493D-8B81-4D30-AD8A-4F32EA9155F8}"
EndProject
Project("{FAE04EC0-301F-11D3-BF4B-00C04F79EFBC}") = "Sahadan.WebAPI", "Sahadan.WebAPI\Sahadan.WebAPI.csproj", "{3B6A7C6C-BA8F-4983-8108-48E476C2539A}"
EndProject
Global
	GlobalSection(SolutionConfigurationPlatforms) = preSolution
		Debug|Any CPU = Debug|Any CPU
		Release|Any CPU = Release|Any CPU
	EndGlobalSection
	GlobalSection(ProjectConfigurationPlatforms) = postSolution
		{C922193C-7F7C-4FA6-85AE-F0965185B92A}.Debug|Any CPU.ActiveCfg = Debug|Any CPU
		{C922193C-7F7C-4FA6-85AE-F0965185B92A}.Debug|Any CPU.Build.0 = Debug|Any CPU
		{C922193C-7F7C-4FA6-85AE-F0965185B92A}.Release|Any CPU.ActiveCfg = Release|Any CPU
		{C922193C-7F7C-4FA6-85AE-F0965185B92A}.Release|Any CPU.Build.0 = Release|Any CPU
		{CAC62FD8-4B51-44A4-B8FB-823423D137EB}.Debug|Any CPU.ActiveCfg = Debug|Any CPU
		{CAC62FD8-4B51-44A4-B8FB-823423D137EB}.Debug|Any CPU.Build.0 = Debug|Any CPU
		{CAC62FD8-4B51-44A4-B8FB-823423D137EB}.Release|Any CPU.ActiveCfg = Release|Any CPU
		{CAC62FD8-4B51-44A4-B8FB-823423D137EB}.Release|Any CPU.Build.0 = Release|Any CPU
		{F334493D-8B81-4D30-AD8A-4F32EA9155F8}.Debug|Any CPU.ActiveCfg = Debug|Any CPU
		{F334493D-8B81-4D30-AD8A-4F32EA9155F8}.Debug|Any CPU.Build.0 = Debug|Any CPU
		{F334493D-8B81-4D30-AD8A-4F32EA9155F8}.Release|Any CPU.ActiveCfg = Release|Any CPU
		{F334493D-8B81-4D30-AD8A-4F32EA9155F8}.Release|Any CPU.Build.0 = Release|Any CPU
		{3B6A7C6C-BA8F-4983-8108-48E476C2539A}.Debug|Any CPU.ActiveCfg = Debug|Any CPU
		{3B6A7C6C-BA8F-4983-8108-48E476C2539A}.Debug|Any CPU.Build.0 = Debug|Any CPU
		{3B6A7C6C-BA8F-4983-8108-48E476C2539A}.Release|Any CPU.ActiveCfg = Release|Any CPU
		{3B6A7C6C-BA8F-4983-8108-48E476C2539A}.Release|Any CPU.Build.0 = Release|Any CPU
	EndGlobalSection
	GlobalSection(SolutionProperties) = preSolution
		HideSolutionNode = FALSE
	EndGlobalSection
	GlobalSection(ExtensibilityGlobals) = postSolution
		SolutionGuid = {B6DF49CD-14E9-41F7-AAA0-C088B9D2DBE9}
	EndGlobalSection
EndGlobal
